
Microsoft Visual Studio Solution File, Format Version 12.00
# Visual Studio Version 16
VisualStudioVersion = 16.0.31424.327
MinimumVisualStudioVersion = 10.0.40219.1
Project("{FAE04EC0-301F-11D3-BF4B-00C04F79EFBC}") = "super bank", "super bank\super bank.csproj", "{652A5F14-3D8C-4F04-AC5C-F793D66E527F}"
EndProject
Global
	GlobalSection(SolutionConfigurationPlatforms) = preSolution
		Debug|Any CPU = Debug|Any CPU
		Release|Any CPU = Release|Any CPU
	EndGlobalSection
	GlobalSection(ProjectConfigurationPlatforms) = postSolution
		{652A5F14-3D8C-4F04-AC5C-F793D66E527F}.Debug|Any CPU.ActiveCfg = Debug|Any CPU
		{652A5F14-3D8C-4F04-AC5C-F793D66E527F}.Debug|Any CPU.Build.0 = Debug|Any CPU
		{652A5F14-3D8C-4F04-AC5C-F793D66E527F}.Release|Any CPU.ActiveCfg = Release|Any CPU
		{652A5F14-3D8C-4F04-AC5C-F793D66E527F}.Release|Any CPU.Build.0 = Release|Any CPU
	EndGlobalSection
	GlobalSection(SolutionProperties) = preSolution
		HideSolutionNode = FALSE
	EndGlobalSection
	GlobalSection(ExtensibilityGlobals) = postSolution
		SolutionGuid = {C7DEB82A-63AD-463B-AC7F-0EB397ECDE2F}
	EndGlobalSection
EndGlobal
